
Microsoft Visual Studio Solution File, Format Version 12.00
# Visual Studio Version 16
VisualStudioVersion = 16.0.30717.126
MinimumVisualStudioVersion = 10.0.40219.1
Project("{8BC9CEB8-8B4A-11D0-8D11-00A0C91BC942}") = "WinApp", "WinApp\WinApp.vcxproj", "{E70A7A4B-7200-49DF-98C0-D36B509E8344}"
	ProjectSection(ProjectDependencies) = postProject
		{05E74ED0-9D44-4DB9-9F63-F9DDEFE01C6C} = {05E74ED0-9D44-4DB9-9F63-F9DDEFE01C6C}
		{225BC5F9-897B-482D-AF55-72780D6407F2} = {225BC5F9-897B-482D-AF55-72780D6407F2}
	EndProjectSection
EndProject
Project("{8BC9CEB8-8B4A-11D0-8D11-00A0C91BC942}") = "SWKBase", "SWKBase\SWKBase.vcxproj", "{05E74ED0-9D44-4DB9-9F63-F9DDEFE01C6C}"
EndProject
Project("{8BC9CEB8-8B4A-11D0-8D11-00A0C91BC942}") = "SWKUI", "SWKUI\SWKUI.vcxproj", "{225BC5F9-897B-482D-AF55-72780D6407F2}"
EndProject
Project("{8BC9CEB8-8B4A-11D0-8D11-00A0C91BC942}") = "SignWave", "SignWave\SignWave.vcxproj", "{288E4A20-8BA7-46C0-AE61-5AF6BA10E082}"
EndProject
Project("{2150E333-8FDC-42A3-9474-1A3956D46DE8}") = "Samples", "Samples", "{07587CFD-2A8E-4311-964B-C7BE00FC2613}"
EndProject
Project("{8BC9CEB8-8B4A-11D0-8D11-00A0C91BC942}") = "MDIDemo", "MDIDemo\MDIDemo.vcxproj", "{7F75F2ED-DFF2-4CDD-A30D-8D839E9A72AB}"
	ProjectSection(ProjectDependencies) = postProject
		{05E74ED0-9D44-4DB9-9F63-F9DDEFE01C6C} = {05E74ED0-9D44-4DB9-9F63-F9DDEFE01C6C}
		{225BC5F9-897B-482D-AF55-72780D6407F2} = {225BC5F9-897B-482D-AF55-72780D6407F2}
	EndProjectSection
EndProject
Global
	GlobalSection(SolutionConfigurationPlatforms) = preSolution
		Debug|x64 = Debug|x64
		Debug|x86 = Debug|x86
		Release|x64 = Release|x64
		Release|x86 = Release|x86
	EndGlobalSection
	GlobalSection(ProjectConfigurationPlatforms) = postSolution
		{E70A7A4B-7200-49DF-98C0-D36B509E8344}.Debug|x64.ActiveCfg = Debug|x64
		{E70A7A4B-7200-49DF-98C0-D36B509E8344}.Debug|x64.Build.0 = Debug|x64
		{E70A7A4B-7200-49DF-98C0-D36B509E8344}.Debug|x86.ActiveCfg = Debug|Win32
		{E70A7A4B-7200-49DF-98C0-D36B509E8344}.Debug|x86.Build.0 = Debug|Win32
		{E70A7A4B-7200-49DF-98C0-D36B509E8344}.Release|x64.ActiveCfg = Release|x64
		{E70A7A4B-7200-49DF-98C0-D36B509E8344}.Release|x64.Build.0 = Release|x64
		{E70A7A4B-7200-49DF-98C0-D36B509E8344}.Release|x86.ActiveCfg = Release|Win32
		{E70A7A4B-7200-49DF-98C0-D36B509E8344}.Release|x86.Build.0 = Release|Win32
		{05E74ED0-9D44-4DB9-9F63-F9DDEFE01C6C}.Debug|x64.ActiveCfg = Debug|x64
		{05E74ED0-9D44-4DB9-9F63-F9DDEFE01C6C}.Debug|x64.Build.0 = Debug|x64
		{05E74ED0-9D44-4DB9-9F63-F9DDEFE01C6C}.Debug|x86.ActiveCfg = Debug|Win32
		{05E74ED0-9D44-4DB9-9F63-F9DDEFE01C6C}.Debug|x86.Build.0 = Debug|Win32
		{05E74ED0-9D44-4DB9-9F63-F9DDEFE01C6C}.Release|x64.ActiveCfg = Release|x64
		{05E74ED0-9D44-4DB9-9F63-F9DDEFE01C6C}.Release|x64.Build.0 = Release|x64
		{05E74ED0-9D44-4DB9-9F63-F9DDEFE01C6C}.Release|x86.ActiveCfg = Release|Win32
		{05E74ED0-9D44-4DB9-9F63-F9DDEFE01C6C}.Release|x86.Build.0 = Release|Win32
		{225BC5F9-897B-482D-AF55-72780D6407F2}.Debug|x64.ActiveCfg = Debug|x64
		{225BC5F9-897B-482D-AF55-72780D6407F2}.Debug|x64.Build.0 = Debug|x64
		{225BC5F9-897B-482D-AF55-72780D6407F2}.Debug|x86.ActiveCfg = Debug|Win32
		{225BC5F9-897B-482D-AF55-72780D6407F2}.Debug|x86.Build.0 = Debug|Win32
		{225BC5F9-897B-482D-AF55-72780D6407F2}.Release|x64.ActiveCfg = Release|x64
		{225BC5F9-897B-482D-AF55-72780D6407F2}.Release|x64.Build.0 = Release|x64
		{225BC5F9-897B-482D-AF55-72780D6407F2}.Release|x86.ActiveCfg = Release|Win32
		{225BC5F9-897B-482D-AF55-72780D6407F2}.Release|x86.Build.0 = Release|Win32
		{288E4A20-8BA7-46C0-AE61-5AF6BA10E082}.Debug|x64.ActiveCfg = Debug|x64
		{288E4A20-8BA7-46C0-AE61-5AF6BA10E082}.Debug|x64.Build.0 = Debug|x64
		{288E4A20-8BA7-46C0-AE61-5AF6BA10E082}.Debug|x86.ActiveCfg = Debug|Win32
		{288E4A20-8BA7-46C0-AE61-5AF6BA10E082}.Debug|x86.Build.0 = Debug|Win32
		{288E4A20-8BA7-46C0-AE61-5AF6BA10E082}.Release|x64.ActiveCfg = Release|x64
		{288E4A20-8BA7-46C0-AE61-5AF6BA10E082}.Release|x64.Build.0 = Release|x64
		{288E4A20-8BA7-46C0-AE61-5AF6BA10E082}.Release|x86.ActiveCfg = Release|Win32
		{288E4A20-8BA7-46C0-AE61-5AF6BA10E082}.Release|x86.Build.0 = Release|Win32
		{7F75F2ED-DFF2-4CDD-A30D-8D839E9A72AB}.Debug|x64.ActiveCfg = Debug|x64
		{7F75F2ED-DFF2-4CDD-A30D-8D839E9A72AB}.Debug|x64.Build.0 = Debug|x64
		{7F75F2ED-DFF2-4CDD-A30D-8D839E9A72AB}.Debug|x86.ActiveCfg = Debug|Win32
		{7F75F2ED-DFF2-4CDD-A30D-8D839E9A72AB}.Debug|x86.Build.0 = Debug|Win32
		{7F75F2ED-DFF2-4CDD-A30D-8D839E9A72AB}.Release|x64.ActiveCfg = Release|x64
		{7F75F2ED-DFF2-4CDD-A30D-8D839E9A72AB}.Release|x64.Build.0 = Release|x64
		{7F75F2ED-DFF2-4CDD-A30D-8D839E9A72AB}.Release|x86.ActiveCfg = Release|Win32
		{7F75F2ED-DFF2-4CDD-A30D-8D839E9A72AB}.Release|x86.Build.0 = Release|Win32
	EndGlobalSection
	GlobalSection(SolutionProperties) = preSolution
		HideSolutionNode = FALSE
	EndGlobalSection
	GlobalSection(NestedProjects) = preSolution
		{E70A7A4B-7200-49DF-98C0-D36B509E8344} = {07587CFD-2A8E-4311-964B-C7BE00FC2613}
		{288E4A20-8BA7-46C0-AE61-5AF6BA10E082} = {07587CFD-2A8E-4311-964B-C7BE00FC2613}
		{7F75F2ED-DFF2-4CDD-A30D-8D839E9A72AB} = {07587CFD-2A8E-4311-964B-C7BE00FC2613}
	EndGlobalSection
	GlobalSection(ExtensibilityGlobals) = postSolution
		SolutionGuid = {AD4F6676-D1D4-4177-97AB-4A706DA9ED5B}
	EndGlobalSection
EndGlobal
