<?xml version="1.0" encoding="utf-8"?>
<Project ToolsVersion="4.0" xmlns="http://schemas.microsoft.com/developer/msbuild/2003">
  <ItemGroup>
    <Filter Include="Source Files">
      <UniqueIdentifier>{4FC737F1-C7A5-4376-A066-2A32D752A2FF}</UniqueIdentifier>
      <Extensions>cpp;c;cc;cxx;c++;cppm;ixx;def;odl;idl;hpj;bat;asm;asmx</Extensions>
    </Filter>
    <Filter Include="Header Files">
      <UniqueIdentifier>{93995380-89BD-4b04-88EB-625FBE52EBFB}</UniqueIdentifier>
      <Extensions>h;hh;hpp;hxx;h++;hm;inl;inc;ipp;xsd</Extensions>
    </Filter>
    <Filter Include="Resource Files">
      <UniqueIdentifier>{67DA6AB6-F800-4c08-8B7A-83BB121AAD01}</UniqueIdentifier>
      <Extensions>rc;ico;cur;bmp;dlg;rc2;rct;bin;rgs;gif;jpg;jpeg;jpe;resx;tiff;tif;png;wav;mfcribbon-ms</Extensions>
    </Filter>
    <Filter Include="Controls">
      <UniqueIdentifier>{92745688-1a6d-4f48-9e77-efbbc646cd6b}</UniqueIdentifier>
    </Filter>
  </ItemGroup>
  <ItemGroup>
    <ClInclude Include="Window.h">
      <Filter>Header Files</Filter>
    </ClInclude>
    <ClInclude Include="DialogWindow.h">
      <Filter>Header Files</Filter>
    </ClInclude>
    <ClInclude Include="framework.h">
      <Filter>Header Files</Filter>
    </ClInclude>
    <ClInclude Include="pch.h">
      <Filter>Header Files</Filter>
    </ClInclude>
    <ClInclude Include="ui.h">
      <Filter>Header Files</Filter>
    </ClInclude>
    <ClInclude Include="WinEventHandler.h">
      <Filter>Header Files</Filter>
    </ClInclude>
    <ClInclude Include="targetver.h">
      <Filter>Header Files</Filter>
    </ClInclude>
    <ClInclude Include="CommonDialog.h">
      <Filter>Header Files</Filter>
    </ClInclude>
    <ClInclude Include="WinMemory.h">
      <Filter>Header Files</Filter>
    </ClInclude>
    <ClInclude Include="WinKernel.h">
      <Filter>Header Files</Filter>
    </ClInclude>
    <ClInclude Include="WinClipboard.h">
      <Filter>Header Files</Filter>
    </ClInclude>
    <ClInclude Include="WinRegistration.h">
      <Filter>Header Files</Filter>
    </ClInclude>
    <ClInclude Include="WinFrame.h">
      <Filter>Header Files</Filter>
    </ClInclude>
    <ClInclude Include="WinFile.h">
      <Filter>Header Files</Filter>
    </ClInclude>
    <ClInclude Include="Drawing.h">
      <Filter>Header Files</Filter>
    </ClInclude>
    <ClInclude Include="DeviceContext.h">
      <Filter>Header Files</Filter>
    </ClInclude>
    <ClInclude Include="msg_filter.h">
      <Filter>Header Files</Filter>
    </ClInclude>
    <ClInclude Include="ModelessDialogWindow.h">
      <Filter>Header Files</Filter>
    </ClInclude>
    <ClInclude Include="WinAccelerator.h">
      <Filter>Header Files</Filter>
    </ClInclude>
    <ClInclude Include="WinMenu.h">
      <Filter>Header Files</Filter>
    </ClInclude>
    <ClInclude Include="ComboboxCtrl.h">
      <Filter>Controls</Filter>
    </ClInclude>
    <ClInclude Include="Ctrl.h">
      <Filter>Controls</Filter>
    </ClInclude>
    <ClInclude Include="GroupboxCtrl.h">
      <Filter>Controls</Filter>
    </ClInclude>
    <ClInclude Include="ListboxCtrl.h">
      <Filter>Controls</Filter>
    </ClInclude>
    <ClInclude Include="ProgressBarCtrl.h">
      <Filter>Controls</Filter>
    </ClInclude>
    <ClInclude Include="SliderCtrl.h">
      <Filter>Controls</Filter>
    </ClInclude>
    <ClInclude Include="StaticTextCtrl.h">
      <Filter>Controls</Filter>
    </ClInclude>
    <ClInclude Include="StatusBarCtrl.h">
      <Filter>Controls</Filter>
    </ClInclude>
    <ClInclude Include="EditCtrl.h">
      <Filter>Controls</Filter>
    </ClInclude>
    <ClInclude Include="ButtonCtrl.h">
      <Filter>Controls</Filter>
    </ClInclude>
    <ClInclude Include="AnimationCtrl.h">
      <Filter>Controls</Filter>
    </ClInclude>
    <ClInclude Include="DateTimePickerCtrl.h">
      <Filter>Controls</Filter>
    </ClInclude>
    <ClInclude Include="ControlBinder.h">
      <Filter>Header Files</Filter>
    </ClInclude>
    <ClInclude Include="Controls.h">
      <Filter>Header Files</Filter>
    </ClInclude>
    <ClInclude Include="AWindow.h">
      <Filter>Header Files</Filter>
    </ClInclude>
    <ClInclude Include="ComboBoxExCtrl.h">
      <Filter>Controls</Filter>
    </ClInclude>
    <ClInclude Include="HeaderCtrl.h">
      <Filter>Controls</Filter>
    </ClInclude>
    <ClInclude Include="TreeViewCtrl.h">
      <Filter>Controls</Filter>
    </ClInclude>
    <ClInclude Include="TooltipCtrl.h">
      <Filter>Controls</Filter>
    </ClInclude>
    <ClInclude Include="ToolbarCtrl.h">
      <Filter>Controls</Filter>
    </ClInclude>
    <ClInclude Include="TabCtrl.h">
      <Filter>Controls</Filter>
    </ClInclude>
    <ClInclude Include="SysLinkCtrl.h">
      <Filter>Controls</Filter>
    </ClInclude>
    <ClInclude Include="ScrollBarCtrl.h">
      <Filter>Controls</Filter>
    </ClInclude>
    <ClInclude Include="RichEditCtrl.h">
      <Filter>Controls</Filter>
    </ClInclude>
    <ClInclude Include="RebarCtrl.h">
      <Filter>Controls</Filter>
    </ClInclude>
    <ClInclude Include="PagerCtrl.h">
      <Filter>Controls</Filter>
    </ClInclude>
    <ClInclude Include="ListViewCtrl.h">
      <Filter>Controls</Filter>
    </ClInclude>
    <ClInclude Include="MonthCalendarCtrl.h">
      <Filter>Controls</Filter>
    </ClInclude>
    <ClInclude Include="UpDownCtrl.h">
      <Filter>Controls</Filter>
    </ClInclude>
    <ClInclude Include="ImageList.h">
      <Filter>Controls</Filter>
    </ClInclude>
    <ClInclude Include="GDIObject.h">
      <Filter>Header Files</Filter>
    </ClInclude>
    <ClInclude Include="Bitmap.h">
      <Filter>Header Files</Filter>
    </ClInclude>
    <ClInclude Include="Brush.h">
      <Filter>Header Files</Filter>
    </ClInclude>
    <ClInclude Include="MDIChildWindow.h">
      <Filter>Header Files</Filter>
    </ClInclude>
    <ClInclude Include="MDIFrameWindow.h">
      <Filter>Header Files</Filter>
    </ClInclude>
  </ItemGroup>
  <ItemGroup>
    <ClCompile Include="Window.cpp">
      <Filter>Source Files</Filter>
    </ClCompile>
    <ClCompile Include="DialogWindow.cpp">
      <Filter>Source Files</Filter>
    </ClCompile>
    <ClCompile Include="pch.cpp">
      <Filter>Source Files</Filter>
    </ClCompile>
    <ClCompile Include="SWKUI.cpp">
      <Filter>Source Files</Filter>
    </ClCompile>
    <ClCompile Include="ui.cpp">
      <Filter>Source Files</Filter>
    </ClCompile>
    <ClCompile Include="WinEventHandler.cpp">
      <Filter>Source Files</Filter>
    </ClCompile>
    <ClCompile Include="WinFrame.cpp">
      <Filter>Source Files</Filter>
    </ClCompile>
    <ClCompile Include="WinRegistration.cpp">
      <Filter>Source Files</Filter>
    </ClCompile>
    <ClCompile Include="WinMemory.cpp">
      <Filter>Source Files</Filter>
    </ClCompile>
    <ClCompile Include="WinClipboard.cpp">
      <Filter>Source Files</Filter>
    </ClCompile>
    <ClCompile Include="Drawing.cpp">
      <Filter>Source Files</Filter>
    </ClCompile>
    <ClCompile Include="DeviceContext.cpp">
      <Filter>Source Files</Filter>
    </ClCompile>
    <ClCompile Include="ButtonCtrl.cpp">
      <Filter>Controls</Filter>
    </ClCompile>
    <ClCompile Include="Ctrl.cpp">
      <Filter>Controls</Filter>
    </ClCompile>
    <ClCompile Include="EditCtrl.cpp">
      <Filter>Controls</Filter>
    </ClCompile>
    <ClCompile Include="ListboxCtrl.cpp">
      <Filter>Controls</Filter>
    </ClCompile>
    <ClCompile Include="ProgressBarCtrl.cpp">
      <Filter>Controls</Filter>
    </ClCompile>
    <ClCompile Include="StaticTextCtrl.cpp">
      <Filter>Controls</Filter>
    </ClCompile>
    <ClCompile Include="ComboboxCtrl.cpp">
      <Filter>Controls</Filter>
    </ClCompile>
    <ClCompile Include="SliderCtrl.cpp">
      <Filter>Controls</Filter>
    </ClCompile>
    <ClCompile Include="AnimationCtrl.cpp">
      <Filter>Controls</Filter>
    </ClCompile>
    <ClCompile Include="GroupboxCtrl.cpp">
      <Filter>Controls</Filter>
    </ClCompile>
    <ClCompile Include="ControlHost.cpp">
      <Filter>Source Files</Filter>
    </ClCompile>
    <ClCompile Include="StatusBarCtrl.cpp">
      <Filter>Controls</Filter>
    </ClCompile>
    <ClCompile Include="DateTimePickerCtrl.cpp">
      <Filter>Controls</Filter>
    </ClCompile>
    <ClCompile Include="ComboBoxExCtrl.cpp">
      <Filter>Controls</Filter>
    </ClCompile>
    <ClCompile Include="HeaderCtrl.cpp">
      <Filter>Controls</Filter>
    </ClCompile>
    <ClCompile Include="TreeViewCtrl.cpp">
      <Filter>Controls</Filter>
    </ClCompile>
    <ClCompile Include="TooltipCtrl.cpp">
      <Filter>Controls</Filter>
    </ClCompile>
    <ClCompile Include="ToolbarCtrl.cpp">
      <Filter>Controls</Filter>
    </ClCompile>
    <ClCompile Include="TabCtrl.cpp">
      <Filter>Controls</Filter>
    </ClCompile>
    <ClCompile Include="SysLinkCtrl.cpp">
      <Filter>Controls</Filter>
    </ClCompile>
    <ClCompile Include="ScrollBarCtrl.cpp">
      <Filter>Controls</Filter>
    </ClCompile>
    <ClCompile Include="RichEditCtrl.cpp">
      <Filter>Controls</Filter>
    </ClCompile>
    <ClCompile Include="MonthCalendarCtrl.cpp">
      <Filter>Controls</Filter>
    </ClCompile>
    <ClCompile Include="ListViewCtrl.cpp">
      <Filter>Controls</Filter>
    </ClCompile>
    <ClCompile Include="UpDownCtrl.cpp">
      <Filter>Controls</Filter>
    </ClCompile>
    <ClCompile Include="ImageList.cpp">
      <Filter>Controls</Filter>
    </ClCompile>
    <ClCompile Include="Bitmap.cpp">
      <Filter>Source Files</Filter>
    </ClCompile>
    <ClCompile Include="Brush.cpp">
      <Filter>Source Files</Filter>
    </ClCompile>
    <ClCompile Include="GDIObject.cpp">
      <Filter>Source Files</Filter>
    </ClCompile>
    <ClCompile Include="MDIClientWindow.cpp">
      <Filter>Source Files</Filter>
    </ClCompile>
    <ClCompile Include="MDIFrameWindow.cpp">
      <Filter>Source Files</Filter>
    </ClCompile>
  </ItemGroup>
  <ItemGroup>
    <None Include="cpp.hint" />
  </ItemGroup>
</Project>